GEM
  remote: https://rubygems.org/
  specs:
    activesupport (8.1.1)
      base64
      bigdecimal
      concurrent-ruby (~> 1.0, >= 1.3.1)
      connection_pool (>= 2.2.5)
      drb
      i18n (>= 1.6, < 2)
      json
      logger (>= 1.4.2)
      minitest (>= 5.1)
      securerandom (>= 0.3)
      tzinfo (~> 2.0, >= 2.0.5)
      uri (>= 0.13.1)
    addressable (2.8.8)
      public_suffix (>= 2.0.2, < 8.0)
    aws-sdk (1.67.0)
      aws-sdk-v1 (= 1.67.0)
    aws-sdk-v1 (1.67.0)
      json (~> 1.4)
      nokogiri (~> 1)
    babosa (1.0.2)
    base64 (0.3.0)
    bigdecimal (4.0.1)
    cert (1.4.4)
      fastlane_core (>= 0.55.0, < 1.0.0)
      spaceship (>= 0.37.0, < 1.0.0)
    certified (1.0.0)
    claide (0.9.1)
    colored (1.2)
    commander (4.4.6)
      highline (~> 1.7.2)
    concurrent-ruby (1.3.6)
    connection_pool (2.5.5)
    credentials_manager (0.16.4)
      colored
      commander (>= 4.3.5)
      highline (>= 1.7.1)
      security
    cupertino (1.4.0)
      certified (~> 1.0)
      commander (~> 4.4)
      highline (~> 1.7)
      mechanize (~> 2.7)
      nokogiri (~> 1.8)
      security (~> 0.1)
      term-ansicolor (~> 1.4)
      terminal-table (~> 1.8)
    deliver (1.16.1)
      credentials_manager (>= 0.16.2, < 1.0.0)
      fastimage (~> 1.6)
      fastlane_core (>= 0.58.0, < 1.0.0)
      plist (>= 3.1.0, < 4.0.0)
      spaceship (>= 0.38.5, < 1.0.0)
    domain_name (0.6.20240107)
    dotenv (3.2.0)
    drb (2.2.3)
    excon (0.112.0)
    faraday (0.17.6)
      multipart-post (>= 1.2, < 3)
    faraday-cookie_jar (0.0.8)
      faraday (>= 0.8.0)
      http-cookie (>= 1.0.0)
    faraday_middleware (0.14.0)
      faraday (>= 0.7.4, < 1.0)
    fastimage (1.6.8)
      addressable (~> 2.3, >= 2.3.5)
    fastlane (0.6.1)
      aws-sdk (~> 1.0)
      cert (>= 0.1.3)
      cupertino (~> 1.3, >= 1.3.1)
      deliver (>= 0.9.0)
      fastlane_core (>= 0.5.0)
      frameit (>= 0.2.3)
      nokogiri (~> 1.6)
      pem (>= 0.3.8)
      produce (>= 0.1.6)
      shenzhen (~> 0.12)
      sigh (>= 0.4.7)
      slack-notifier (~> 1.0)
      snapshot (>= 0.6.0)
      terminal-notifier (~> 1.6.2)
      xcodeproj (~> 0.20)
      xcpretty (~> 0.1)
    fastlane_core (0.59.0)
      colored
      commander (>= 4.4.0, <= 5.0.0)
      credentials_manager (>= 0.16.2, < 1.0.0)
      excon (>= 0.45.0, < 1.0)
      gh_inspector (>= 1.0.1, < 2.0.0)
      highline (>= 1.7.2)
      json
      multi_json
      plist (>= 3.1.0, < 4.0.0)
      rubyzip (~> 1.1.6)
      terminal-table (>= 1.4.5, < 2.0.0)
    frameit (3.0.0)
      deliver (> 0.3)
      fastimage (~> 1.6.3)
      fastlane_core (>= 0.53.0, < 1.0.0)
      mini_magick (~> 4.5.1)
    gh_inspector (1.1.3)
    highline (1.7.10)
    http-cookie (1.1.0)
      domain_name (~> 0.5)
    i18n (1.14.7)
      concurrent-ruby (~> 1.0)
    json (1.8.6)
    logger (1.7.0)
    mechanize (2.14.0)
      addressable (~> 2.8)
      base64
      domain_name (~> 0.5, >= 0.5.20190701)
      http-cookie (~> 1.0, >= 1.0.3)
      mime-types (~> 3.3)
      net-http-digest_auth (~> 1.4, >= 1.4.1)
      net-http-persistent (>= 2.5.2, < 5.0.dev)
      nkf
      nokogiri (~> 1.11, >= 1.11.2)
      rubyntlm (~> 0.6, >= 0.6.3)
      webrick (~> 1.7)
      webrobots (~> 0.1.2)
    mime-types (3.7.0)
      logger
      mime-types-data (~> 3.2025, >= 3.2025.0507)
    mime-types-data (3.2025.0924)
    mini_magick (4.5.1)
    minitest (6.0.0)
      prism (~> 1.5)
    mize (0.6.1)
    multi_json (1.18.0)
    multi_xml (0.6.0)
    multipart-post (2.4.1)
    net-http-digest_auth (1.4.1)
    net-http-persistent (4.0.6)
      connection_pool (~> 2.2, >= 2.2.4)
    net-sftp (2.1.2)
      net-ssh (>= 2.6.5)
    net-ssh (7.3.0)
    nkf (0.2.0)
    nokogiri (1.18.10-aarch64-linux-gnu)
      racc (~> 1.4)
    nokogiri (1.18.10-aarch64-linux-musl)
      racc (~> 1.4)
    nokogiri (1.18.10-arm-linux-gnu)
      racc (~> 1.4)
    nokogiri (1.18.10-arm-linux-musl)
      racc (~> 1.4)
    nokogiri (1.18.10-arm64-darwin)
      racc (~> 1.4)
    nokogiri (1.18.10-x86_64-darwin)
      racc (~> 1.4)
    nokogiri (1.18.10-x86_64-linux-gnu)
      racc (~> 1.4)
    nokogiri (1.18.10-x86_64-linux-musl)
      racc (~> 1.4)
    pem (1.4.1)
      fastlane_core (>= 0.58.0, < 1.0.0)
      spaceship (>= 0.38.5, < 1.0.0)
    plist (3.1.0)
    prism (1.6.0)
    produce (1.3.2)
      fastlane_core (>= 0.57.2, < 1.0.0)
      spaceship (>= 0.38.4, < 1.0.0)
    public_suffix (7.0.0)
    racc (1.8.1)
    rouge (3.28.0)
    rubyntlm (0.6.5)
      base64
    rubyzip (1.1.7)
    securerandom (0.4.1)
    security (0.1.5)
    shenzhen (0.14.3)
      aws-sdk (~> 1.0)
      commander (~> 4.3)
      dotenv (>= 0.7)
      faraday (~> 0.9)
      faraday_middleware (~> 0.9)
      highline (>= 1.7.2)
      json (~> 1.8)
      net-sftp (~> 2.1.2)
      plist (~> 3.1.0)
      rubyzip (~> 1.1)
      security (~> 0.1.3)
      terminal-table (~> 1.4)
    sigh (1.12.1)
      fastlane_core (>= 0.57.2, < 1.0.0)
      plist (>= 3.1.0, < 4.0.0)
      spaceship (>= 0.38.4, < 1.0.0)
    slack-notifier (1.5.1)
    snapshot (1.16.4)
      fastimage (~> 1.6.3)
      fastlane_core (>= 0.57.0, < 1.0.0)
      plist (>= 3.1.0, < 4.0.0)
      xcpretty (>= 0.2.4, < 1.0.0)
    spaceship (0.39.0)
      babosa (= 1.0.2)
      colored
      credentials_manager (>= 0.16.0)
      faraday (~> 0.9)
      faraday-cookie_jar (~> 0.0.6)
      faraday_middleware (~> 0.9)
      fastimage (>= 1.6)
      multi_xml (~> 0.5)
      plist (>= 3.1.0, < 4.0.0)
    sync (0.5.0)
    term-ansicolor (1.11.3)
      tins (~> 1)
    terminal-notifier (1.6.3)
    terminal-table (1.8.0)
      unicode-display_width (~> 1.1, >= 1.1.1)
    tins (1.48.0)
      bigdecimal
      mize (~> 0.6)
      sync
    tzinfo (2.0.6)
      concurrent-ruby (~> 1.0)
    unicode-display_width (1.8.0)
    uri (1.1.1)
    webrick (1.9.2)
    webrobots (0.1.2)
    xcodeproj (0.28.2)
      activesupport (>= 3)
      claide (~> 0.9.1)
      colored (~> 1.2)
    xcov (0.12.3)
      fastlane_core (>= 0.7, < 1.0.0)
      slack-notifier (~> 1.3)
      terminal-table
    xcpretty (0.4.1)
      rouge (~> 3.28.0)

PLATFORMS
  aarch64-linux-gnu
  aarch64-linux-musl
  arm-linux-gnu
  arm-linux-musl
  arm64-darwin
  x86_64-darwin
  x86_64-linux-gnu
  x86_64-linux-musl

DEPENDENCIES
  fastlane
  xcov
  xcpretty

CHECKSUMS
  activesupport (8.1.1) sha256=5e92534e8d0c8b8b5e6b16789c69dbea65c1d7b752269f71a39422e9546cea67
  addressable (2.8.8) sha256=7c13b8f9536cf6364c03b9d417c19986019e28f7c00ac8132da4eb0fe393b057
  aws-sdk (1.67.0) sha256=463c3634cf80090df3850cdb6f3bc3e934074dca418ddb713fa2e0de1018f300
  aws-sdk-v1 (1.67.0) sha256=f8663b73abc6df312dd9b3f35a2a13457ac24053cc5d79b86df64ecab05d165d
  babosa (1.0.2) sha256=4edc28885e0cbf3e1c258887531c274986ebc1ceaf703266276c917fc9eb2f17
  base64 (0.3.0) sha256=27337aeabad6ffae05c265c450490628ef3ebd4b67be58257393227588f5a97b
  bigdecimal (4.0.1) sha256=8b07d3d065a9f921c80ceaea7c9d4ae596697295b584c296fe599dd0ad01c4a7
  cert (1.4.4) sha256=6dfd045c7ecd3ec8258b29cabf5901bee6161e9ce654a82f20b8e26757019b9f
  certified (1.0.0) sha256=aa4cdf0e90e7ee96f6e0ce3daae39eaa8f0486124e0d92daf64d2105aeb9069c
  claide (0.9.1) sha256=e54464301af5854cedfcc869c0b7d46ebf29d87c67ce401c89889886a439f5d2
  colored (1.2) sha256=9d82b47ac589ce7f6cab64b1f194a2009e9fd00c326a5357321f44afab2c1d2c
  commander (4.4.6) sha256=8e73079a5a1efb5c51b604ce427485bd071563ab7e5fb2675f4db40896164d87
  concurrent-ruby (1.3.6) sha256=6b56837e1e7e5292f9864f34b69c5a2cbc75c0cf5338f1ce9903d10fa762d5ab
  connection_pool (2.5.5) sha256=e54ff92855753df1fd7c59fa04a398833355f27dd14c074f8c83a05f72a716ad
  credentials_manager (0.16.4) sha256=2f15b5e380fdceb7ce415e3ce492045c04193166c3056efb9064e836e4e916b3
  cupertino (1.4.0) sha256=f3a8c9e22dcdb9568b22edcae00977dded720cbedf331384576cc15efe465325
  deliver (1.16.1) sha256=2c915c2fe68514960ef7bc3ada80ce20d4a5652913fdc147c57a2265ea2c7190
  domain_name (0.6.20240107) sha256=5f693b2215708476517479bf2b3802e49068ad82167bcd2286f899536a17d933
  dotenv (3.2.0) sha256=e375b83121ea7ca4ce20f214740076129ab8514cd81378161f11c03853fe619d
  drb (2.2.3) sha256=0b00d6fdb50995fe4a45dea13663493c841112e4068656854646f418fda13373
  excon (0.112.0) sha256=daf9ac3a4c2fc9aa48383a33da77ecb44fa395111e973084d5c52f6f214ae0f0
  faraday (0.17.6) sha256=a572118695fce2937e3a8bed33498ac0c25a263cdb570ea5cd2e41b36c821c34
  faraday-cookie_jar (0.0.8) sha256=0140605823f8cc63c7028fccee486aaed8e54835c360cffc1f7c8c07c4299dbb
  faraday_middleware (0.14.0) sha256=4cb37ddd656b2c4de0bd684b72b08c34486f70560c31cb303cd506faef7ef2f4
  fastimage (1.6.8) sha256=3721806a38cd42762c5cd0fd123509ae9687bbf7bd3f413480d085ab1f824099
  fastlane (0.6.1) sha256=320f3fcc3fe7acfb9dc91353c92c5170f02c4d32cb407ac7f1f6430f29640607
  fastlane_core (0.59.0) sha256=2572887ddf99fbe92e5e46219302a4ac35501d52e435438a59ef279f34cd7ccb
  frameit (3.0.0) sha256=48e87beca07810fbad086b5fc9b44e1bb61019bdc753c654335c7cbea0c50405
  gh_inspector (1.1.3) sha256=04cca7171b87164e053aa43147971d3b7f500fcb58177698886b48a9fc4a1939
  highline (1.7.10) sha256=1e147d5d20f1ad5b0e23357070d1e6d0904ae9f71c3c49e0234cf682ae3c2b06
  http-cookie (1.1.0) sha256=38a5e60d1527eebc396831b8c4b9455440509881219273a6c99943d29eadbb19
  i18n (1.14.7) sha256=ceba573f8138ff2c0915427f1fc5bdf4aa3ab8ae88c8ce255eb3ecf0a11a5d0f
  json (1.8.6) sha256=65af27ca985f70eb0d083aab0f75712c771871222af021ce533bad77bd3bb262
  logger (1.7.0) sha256=196edec7cc44b66cfb40f9755ce11b392f21f7967696af15d274dde7edff0203
  mechanize (2.14.0) sha256=33e76b7639d0181a46eaf1136b05f0e9043dfc5fc4b1a7b9fd8ae8bd437dd5e4
  mime-types (3.7.0) sha256=dcebf61c246f08e15a4de34e386ebe8233791e868564a470c3fe77c00eed5e56
  mime-types-data (3.2025.0924) sha256=f276bca15e59f35767cbcf2bc10e023e9200b30bd6a572c1daf7f4cc24994728
  mini_magick (4.5.1) sha256=17352cb1fc709eacfee886af2946c87e9797c119132ba63d3040ee246899a9a8
  minitest (6.0.0) sha256=4ca597fc1d735ea18d2b4b98c5fb1d5a6da4a6f35ddf32bd5fa3eded33a453be
  mize (0.6.1) sha256=4031558979ff5426fda24c75a149b4e4c0faf4cacf2fae8938f83866ab94b780
  multi_json (1.18.0) sha256=23f70cf73e2895a33e6d10f0ec955b28ef5627ca4bbad0f292e7d16f4675596f
  multi_xml (0.6.0) sha256=d24393cf958adb226db884b976b007914a89c53ad88718e25679d7008823ad52
  multipart-post (2.4.1) sha256=9872d03a8e552020ca096adadbf5e3cb1cd1cdd6acd3c161136b8a5737cdb4a8
  net-http-digest_auth (1.4.1) sha256=4b8ad50ed8d180a58db5d6c49449b987dd0466fe01e24037945bc007562a08db
  net-http-persistent (4.0.6) sha256=2abb3a04438edf6cb9e0e7e505969605f709eda3e3c5211beadd621a2c84dd5d
  net-sftp (2.1.2) sha256=3e70b8130b1c86039b0847aeb088a2254df49053023546a5923e5763c923c710
  net-ssh (7.3.0) sha256=172076c4b30ce56fb25a03961b0c4da14e1246426401b0f89cba1a3b54bf3ef0
  nkf (0.2.0) sha256=fbc151bda025451f627fafdfcb3f4f13d0b22ae11f58c6d3a2939c76c5f5f126
  nokogiri (1.18.10-aarch64-linux-gnu) sha256=7fb87235d729c74a2be635376d82b1d459230cc17c50300f8e4fcaabc6195344
  nokogiri (1.18.10-aarch64-linux-musl) sha256=7e74e58314297cc8a8f1b533f7212d1999dbe2639a9ee6d97b483ea2acc18944
  nokogiri (1.18.10-arm-linux-gnu) sha256=51f4f25ab5d5ba1012d6b16aad96b840a10b067b93f35af6a55a2c104a7ee322
  nokogiri (1.18.10-arm-linux-musl) sha256=1c6ea754e51cecc85c30ee8ab1e6aa4ce6b6e134d01717e9290e79374a9e00aa
  nokogiri (1.18.10-arm64-darwin) sha256=c2b0de30770f50b92c9323fa34a4e1cf5a0af322afcacd239cd66ee1c1b22c85
  nokogiri (1.18.10-x86_64-darwin) sha256=536e74bed6db2b5076769cab5e5f5af0cd1dccbbd75f1b3e1fa69d1f5c2d79e2
  nokogiri (1.18.10-x86_64-linux-gnu) sha256=ff5ba26ba2dbce5c04b9ea200777fd225061d7a3930548806f31db907e500f72
  nokogiri (1.18.10-x86_64-linux-musl) sha256=0651fccf8c2ebbc2475c8b1dfd7ccac3a0a6d09f8a41b72db8c21808cb483385
  pem (1.4.1) sha256=36156268d5b45198e7bca6f9f52b8f8668cfbad9e30b8e3d8d033cffda9c809e
  plist (3.1.0) sha256=9ae1a010cab13bb533af87d5a1aca23958e5dae8911317244248f9c65bb30866
  prism (1.6.0) sha256=bfc0281a81718c4872346bc858dc84abd3a60cae78336c65ad35c8fbff641c6b
  produce (1.3.2) sha256=44b93b7ebeb83397bf23c01763d2e2785fa55579c9c2a08fe4332a7d9b8192c0
  public_suffix (7.0.0) sha256=f7090b5beb0e56f9f10d79eed4d5fbe551b3b425da65877e075dad47a6a1b095
  racc (1.8.1) sha256=4a7f6929691dbec8b5209a0b373bc2614882b55fc5d2e447a21aaa691303d62f
  rouge (3.28.0) sha256=0d6de482c7624000d92697772ab14e48dca35629f8ddf3f4b21c99183fd70e20
  rubyntlm (0.6.5) sha256=47013402b99ae29ee93f930af51edaec8c6008556f4be25705a422b4430314f5
  rubyzip (1.1.7) sha256=24ab7c93f05eb8f6ec1c6c110f60bb5f0f2fa54b09e95eaa3b097e0fe5640133
  securerandom (0.4.1) sha256=cc5193d414a4341b6e225f0cb4446aceca8e50d5e1888743fac16987638ea0b1
  security (0.1.5) sha256=3a977a0eca7706e804c96db0dd9619e0a94969fe3aac9680fcfc2bf9b8a833b7
  shenzhen (0.14.3) sha256=b22a7baedf8304aecb04afab389921697d8855de6327584d2b703be8c9bf5b0b
  sigh (1.12.1) sha256=fe31b7ef50ac54dd4aa4ac8146c8e223bbdc5ca8d1a6c5348482f97e130a3fca
  slack-notifier (1.5.1) sha256=062aee1c1abf78ec305568ba885b958d3a41538b86a653ab30fe0100fb8a5b75
  snapshot (1.16.4) sha256=794a735fef143b2b0a853c1327c601f06954209a0770b6b2db5293d48b30e119
  spaceship (0.39.0) sha256=36f23aa0880f40f7c7444f5d5d282224b6bfe27d1a67bf18df7029b3902cd372
  sync (0.5.0) sha256=668356cc07c59ac7ed9ecf34fec3929831f179c07adb1f3e1c3b7a1609a638fd
  term-ansicolor (1.11.3) sha256=8c01ec3abd095eb94dca8aed5a127d36e594239eb525eb306259c9e930534603
  terminal-notifier (1.6.3) sha256=907e6fdfc6ca0cbecdd62d0b617f807e6107c6ff573bc8a86e1d1af59422a1da
  terminal-table (1.8.0) sha256=13371f069af18e9baa4e44d404a4ada9301899ce0530c237ac1a96c19f652294
  tins (1.48.0) sha256=547352491d5af17bc1af4ca8fcee884ffde3ff60c9799c7961977d697cde99c3
  tzinfo (2.0.6) sha256=8daf828cc77bcf7d63b0e3bdb6caa47e2272dcfaf4fbfe46f8c3a9df087a829b
  unicode-display_width (1.8.0) sha256=0292132d364d59fcdd83f144910c48b3c8332b28a14c5c04bb093dd165600488
  uri (1.1.1) sha256=379fa58d27ffb1387eaada68c749d1426738bd0f654d812fcc07e7568f5c57c6
  webrick (1.9.2) sha256=beb4a15fc474defed24a3bda4ffd88a490d517c9e4e6118c3edce59e45864131
  webrobots (0.1.2) sha256=ebbcaa2cb4930fa1b83206f432c5cb64746507b2dcf50ea1301569a4d662cda6
  xcodeproj (0.28.2) sha256=92bbaa648135e0820bcbf2bef75d8e1dcb3289acefcba2a680eea33ea96d1d20
  xcov (0.12.3) sha256=f6262c2943171ce5ec6555900e866fdbe93530a6787a4403dfb5f19cca0fe8b1
  xcpretty (0.4.1) sha256=b14c50e721f6589ee3d6f5353e2c2cfcd8541fa1ea16d6c602807dd7327f3892

BUNDLED WITH
  4.0.2
