// !$*UTF8*$!
{
	archiveVersion = 1;
	classes = {
	};
	objectVersion = 77;
	objects = {

/* Begin PBXBuildFile section */
		D576EB002EE6E7BD0058E6C1 /* cicddev-ios in Frameworks */ = {isa = PBXBuildFile; productRef = D576EAFF2EE6E7BD0058E6C1 /* cicddev-ios */; };
		D576EB022EE702480058E6C1 /* CustomContentView in Frameworks */ = {isa = PBXBuildFile; productRef = D576EB012EE702480058E6C1 /* CustomContentView */; };
		D576EB152EE70F280058E6C1 /* ComposableArchitecture in Frameworks */ = {isa = PBXBuildFile; productRef = D576EB142EE70F280058E6C1 /* ComposableArchitecture */; };
		D5A5248F2EE1C49F005B0248 /* CiCdTestingDev.xctestplan in Resources */ = {isa = PBXBuildFile; fileRef = D5A5248E2EE1C49F005B0248 /* CiCdTestingDev.xctestplan */; };
		D5A524C62EE1D0EB005B0248 /* exportOptions.plist in Resources */ = {isa = PBXBuildFile; fileRef = D5A524C52EE1D0E0005B0248 /* exportOptions.plist */; };
/* End PBXBuildFile section */

/* Begin PBXContainerItemProxy section */
		D5A523D72EE1C323005B0248 /* PBXContainerItemProxy */ = {
			isa = PBXContainerItemProxy;
			containerPortal = D5A523BE2EE1C321005B0248 /* Project object */;
			proxyType = 1;
			remoteGlobalIDString = D5A523C52EE1C321005B0248;
			remoteInfo = CiCdTestingDev;
		};
		D5A523E12EE1C323005B0248 /* PBXContainerItemProxy */ = {
			isa = PBXContainerItemProxy;
			containerPortal = D5A523BE2EE1C321005B0248 /* Project object */;
			proxyType = 1;
			remoteGlobalIDString = D5A523C52EE1C321005B0248;
			remoteInfo = CiCdTestingDev;
		};
/* End PBXContainerItemProxy section */

/* Begin PBXFileReference section */
		D5A523C62EE1C321005B0248 /* CiCdTestingDev.app */ = {isa = PBXFileReference; explicitFileType = wrapper.application; includeInIndex = 0; path = CiCdTestingDev.app; sourceTree = BUILT_PRODUCTS_DIR; };
		D5A523D62EE1C323005B0248 /* CiCdTestingDevTests.xctest */ = {isa = PBXFileReference; explicitFileType = wrapper.cfbundle; includeInIndex = 0; path = CiCdTestingDevTests.xctest; sourceTree = BUILT_PRODUCTS_DIR; };
		D5A523E02EE1C323005B0248 /* CiCdTestingDevUITests.xctest */ = {isa = PBXFileReference; explicitFileType = wrapper.cfbundle; includeInIndex = 0; path = CiCdTestingDevUITests.xctest; sourceTree = BUILT_PRODUCTS_DIR; };
		D5A5248E2EE1C49F005B0248 /* CiCdTestingDev.xctestplan */ = {isa = PBXFileReference; lastKnownFileType = text; path = CiCdTestingDev.xctestplan; sourceTree = "<group>"; };
		D5A524C52EE1D0E0005B0248 /* exportOptions.plist */ = {isa = PBXFileReference; lastKnownFileType = text.plist; path = exportOptions.plist; sourceTree = "<group>"; };
/* End PBXFileReference section */

/* Begin PBXFileSystemSynchronizedRootGroup section */
		D5A523C82EE1C321005B0248 /* CiCdTestingDev */ = {
			isa = PBXFileSystemSynchronizedRootGroup;
			path = CiCdTestingDev;
			sourceTree = "<group>";
		};
		D5A523D92EE1C323005B0248 /* CiCdTestingDevTests */ = {
			isa = PBXFileSystemSynchronizedRootGroup;
			path = CiCdTestingDevTests;
			sourceTree = "<group>";
		};
		D5A523E32EE1C323005B0248 /* CiCdTestingDevUITests */ = {
			isa = PBXFileSystemSynchronizedRootGroup;
			path = CiCdTestingDevUITests;
			sourceTree = "<group>";
		};
/* End PBXFileSystemSynchronizedRootGroup section */

/* Begin PBXFrameworksBuildPhase section */
		D5A523C32EE1C321005B0248 /* Frameworks */ = {
			isa = PBXFrameworksBuildPhase;
			buildActionMask = 2147483647;
			files = (
				D576EB022EE702480058E6C1 /* CustomContentView in Frameworks */,
				D576EB002EE6E7BD0058E6C1 /* cicddev-ios in Frameworks */,
				D576EB152EE70F280058E6C1 /* ComposableArchitecture in Frameworks */,
			);
			runOnlyForDeploymentPostprocessing = 0;
		};
		D5A523D32EE1C323005B0248 /* Frameworks */ = {
			isa = PBXFrameworksBuildPhase;
			buildActionMask = 2147483647;
			files = (
			);
			runOnlyForDeploymentPostprocessing = 0;
		};
		D5A523DD2EE1C323005B0248 /* Frameworks */ = {
			isa = PBXFrameworksBuildPhase;
			buildActionMask = 2147483647;
			files = (
			);
			runOnlyForDeploymentPostprocessing = 0;
		};
/* End PBXFrameworksBuildPhase section */

/* Begin PBXGroup section */
		D576EAFE2EE6E7BD0058E6C1 /* Frameworks */ = {
			isa = PBXGroup;
			children = (
			);
			name = Frameworks;
			sourceTree = "<group>";
		};
		D5A523BD2EE1C321005B0248 = {
			isa = PBXGroup;
			children = (
				D5A524C52EE1D0E0005B0248 /* exportOptions.plist */,
				D5A5248E2EE1C49F005B0248 /* CiCdTestingDev.xctestplan */,
				D5A523C82EE1C321005B0248 /* CiCdTestingDev */,
				D5A523D92EE1C323005B0248 /* CiCdTestingDevTests */,
				D5A523E32EE1C323005B0248 /* CiCdTestingDevUITests */,
				D576EAFE2EE6E7BD0058E6C1 /* Frameworks */,
				D5A523C72EE1C321005B0248 /* Products */,
			);
			sourceTree = "<group>";
		};
		D5A523C72EE1C321005B0248 /* Products */ = {
			isa = PBXGroup;
			children = (
				D5A523C62EE1C321005B0248 /* CiCdTestingDev.app */,
				D5A523D62EE1C323005B0248 /* CiCdTestingDevTests.xctest */,
				D5A523E02EE1C323005B0248 /* CiCdTestingDevUITests.xctest */,
			);
			name = Products;
			sourceTree = "<group>";
		};
/* End PBXGroup section */

/* Begin PBXNativeTarget section */
		D5A523C52EE1C321005B0248 /* CiCdTestingDev */ = {
			isa = PBXNativeTarget;
			buildConfigurationList = D5A523EA2EE1C323005B0248 /* Build configuration list for PBXNativeTarget "CiCdTestingDev" */;
			buildPhases = (
				D5A523C22EE1C321005B0248 /* Sources */,
				D5A523C32EE1C321005B0248 /* Frameworks */,
				D5A523C42EE1C321005B0248 /* Resources */,
			);
			buildRules = (
			);
			dependencies = (
			);
			fileSystemSynchronizedGroups = (
				D5A523C82EE1C321005B0248 /* CiCdTestingDev */,
			);
			name = CiCdTestingDev;
			packageProductDependencies = (
				D576EAFF2EE6E7BD0058E6C1 /* cicddev-ios */,
				D576EB012EE702480058E6C1 /* CustomContentView */,
				D576EB142EE70F280058E6C1 /* ComposableArchitecture */,
			);
			productName = CiCdTestingDev;
			productReference = D5A523C62EE1C321005B0248 /* CiCdTestingDev.app */;
			productType = "com.apple.product-type.application";
		};
		D5A523D52EE1C323005B0248 /* CiCdTestingDevTests */ = {
			isa = PBXNativeTarget;
			buildConfigurationList = D5A523ED2EE1C323005B0248 /* Build configuration list for PBXNativeTarget "CiCdTestingDevTests" */;
			buildPhases = (
				D5A523D22EE1C323005B0248 /* Sources */,
				D5A523D32EE1C323005B0248 /* Frameworks */,
				D5A523D42EE1C323005B0248 /* Resources */,
			);
			buildRules = (
			);
			dependencies = (
				D5A523D82EE1C323005B0248 /* PBXTargetDependency */,
			);
			fileSystemSynchronizedGroups = (
				D5A523D92EE1C323005B0248 /* CiCdTestingDevTests */,
			);
			name = CiCdTestingDevTests;
			packageProductDependencies = (
			);
			productName = CiCdTestingDevTests;
			productReference = D5A523D62EE1C323005B0248 /* CiCdTestingDevTests.xctest */;
			productType = "com.apple.product-type.bundle.unit-test";
		};
		D5A523DF2EE1C323005B0248 /* CiCdTestingDevUITests */ = {
			isa = PBXNativeTarget;
			buildConfigurationList = D5A523F02EE1C323005B0248 /* Build configuration list for PBXNativeTarget "CiCdTestingDevUITests" */;
			buildPhases = (
				D5A523DC2EE1C323005B0248 /* Sources */,
				D5A523DD2EE1C323005B0248 /* Frameworks */,
				D5A523DE2EE1C323005B0248 /* Resources */,
			);
			buildRules = (
			);
			dependencies = (
				D5A523E22EE1C323005B0248 /* PBXTargetDependency */,
			);
			fileSystemSynchronizedGroups = (
				D5A523E32EE1C323005B0248 /* CiCdTestingDevUITests */,
			);
			name = CiCdTestingDevUITests;
			packageProductDependencies = (
			);
			productName = CiCdTestingDevUITests;
			productReference = D5A523E02EE1C323005B0248 /* CiCdTestingDevUITests.xctest */;
			productType = "com.apple.product-type.bundle.ui-testing";
		};
/* End PBXNativeTarget section */

/* Begin PBXProject section */
		D5A523BE2EE1C321005B0248 /* Project object */ = {
			isa = PBXProject;
			attributes = {
				BuildIndependentTargetsInParallel = 1;
				LastSwiftUpdateCheck = 1620;
				LastUpgradeCheck = 1620;
				TargetAttributes = {
					D5A523C52EE1C321005B0248 = {
						CreatedOnToolsVersion = 16.2;
					};
					D5A523D52EE1C323005B0248 = {
						CreatedOnToolsVersion = 16.2;
						TestTargetID = D5A523C52EE1C321005B0248;
					};
					D5A523DF2EE1C323005B0248 = {
						CreatedOnToolsVersion = 16.2;
						TestTargetID = D5A523C52EE1C321005B0248;
					};
				};
			};
			buildConfigurationList = D5A523C12EE1C321005B0248 /* Build configuration list for PBXProject "CiCdTestingDev" */;
			developmentRegion = en;
			hasScannedForEncodings = 0;
			knownRegions = (
				en,
				Base,
			);
			mainGroup = D5A523BD2EE1C321005B0248;
			minimizedProjectReferenceProxies = 1;
			packageReferences = (
				D5A524352EE1C3F3005B0248 /* XCRemoteSwiftPackageReference "xcore" */,
				D5A524362EE1C40C005B0248 /* XCRemoteSwiftPackageReference "swift-composable-architecture" */,
				D594D98C2EE830DA00D46AAE /* XCLocalSwiftPackageReference "../../../../Packages/Sources/CommonPackage" */,
			);
			preferredProjectObjectVersion = 77;
			productRefGroup = D5A523C72EE1C321005B0248 /* Products */;
			projectDirPath = "";
			projectRoot = "";
			targets = (
				D5A523C52EE1C321005B0248 /* CiCdTestingDev */,
				D5A523D52EE1C323005B0248 /* CiCdTestingDevTests */,
				D5A523DF2EE1C323005B0248 /* CiCdTestingDevUITests */,
			);
		};
/* End PBXProject section */

/* Begin PBXResourcesBuildPhase section */
		D5A523C42EE1C321005B0248 /* Resources */ = {
			isa = PBXResourcesBuildPhase;
			buildActionMask = 2147483647;
			files = (
				D5A5248F2EE1C49F005B0248 /* CiCdTestingDev.xctestplan in Resources */,
				D5A524C62EE1D0EB005B0248 /* exportOptions.plist in Resources */,
			);
			runOnlyForDeploymentPostprocessing = 0;
		};
		D5A523D42EE1C323005B0248 /* Resources */ = {
			isa = PBXResourcesBuildPhase;
			buildActionMask = 2147483647;
			files = (
			);
			runOnlyForDeploymentPostprocessing = 0;
		};
		D5A523DE2EE1C323005B0248 /* Resources */ = {
			isa = PBXResourcesBuildPhase;
			buildActionMask = 2147483647;
			files = (
			);
			runOnlyForDeploymentPostprocessing = 0;
		};
/* End PBXResourcesBuildPhase section */

/* Begin PBXSourcesBuildPhase section */
		D5A523C22EE1C321005B0248 /* Sources */ = {
			isa = PBXSourcesBuildPhase;
			buildActionMask = 2147483647;
			files = (
			);
			runOnlyForDeploymentPostprocessing = 0;
		};
		D5A523D22EE1C323005B0248 /* Sources */ = {
			isa = PBXSourcesBuildPhase;
			buildActionMask = 2147483647;
			files = (
			);
			runOnlyForDeploymentPostprocessing = 0;
		};
		D5A523DC2EE1C323005B0248 /* Sources */ = {
			isa = PBXSourcesBuildPhase;
			buildActionMask = 2147483647;
			files = (
			);
			runOnlyForDeploymentPostprocessing = 0;
		};
/* End PBXSourcesBuildPhase section */

/* Begin PBXTargetDependency section */
		D5A523D82EE1C323005B0248 /* PBXTargetDependency */ = {
			isa = PBXTargetDependency;
			target = D5A523C52EE1C321005B0248 /* CiCdTestingDev */;
			targetProxy = D5A523D72EE1C323005B0248 /* PBXContainerItemProxy */;
		};
		D5A523E22EE1C323005B0248 /* PBXTargetDependency */ = {
			isa = PBXTargetDependency;
			target = D5A523C52EE1C321005B0248 /* CiCdTestingDev */;
			targetProxy = D5A523E12EE1C323005B0248 /* PBXContainerItemProxy */;
		};
/* End PBXTargetDependency section */

/* Begin XCBuildConfiguration section */
		D5A523E82EE1C323005B0248 /* Debug */ = {
			isa = XCBuildConfiguration;
			buildSettings = {
				ALWAYS_SEARCH_USER_PATHS = NO;
				ASSETCATALOG_COMPILER_GENERATE_SWIFT_ASSET_SYMBOL_EXTENSIONS = YES;
				CLANG_ANALYZER_NONNULL = YES;
				CLANG_ANALYZER_NUMBER_OBJECT_CONVERSION = YES_AGGRESSIVE;
				CLANG_CXX_LANGUAGE_STANDARD = "gnu++20";
				CLANG_ENABLE_MODULES = YES;
				CLANG_ENABLE_OBJC_ARC = YES;
				CLANG_ENABLE_OBJC_WEAK = YES;
				CLANG_WARN_BLOCK_CAPTURE_AUTORELEASING = YES;
				CLANG_WARN_BOOL_CONVERSION = YES;
				CLANG_WARN_COMMA = YES;
				CLANG_WARN_CONSTANT_CONVERSION = YES;
				CLANG_WARN_DEPRECATED_OBJC_IMPLEMENTATIONS = YES;
				CLANG_WARN_DIRECT_OBJC_ISA_USAGE = YES_ERROR;
				CLANG_WARN_DOCUMENTATION_COMMENTS = YES;
				CLANG_WARN_EMPTY_BODY = YES;
				CLANG_WARN_ENUM_CONVERSION = YES;
				CLANG_WARN_INFINITE_RECURSION = YES;
				CLANG_WARN_INT_CONVERSION = YES;
				CLANG_WARN_NON_LITERAL_NULL_CONVERSION = YES;
				CLANG_WARN_OBJC_IMPLICIT_RETAIN_SELF = YES;
				CLANG_WARN_OBJC_LITERAL_CONVERSION = YES;
				CLANG_WARN_OBJC_ROOT_CLASS = YES_ERROR;
				CLANG_WARN_QUOTED_INCLUDE_IN_FRAMEWORK_HEADER = YES;
				CLANG_WARN_RANGE_LOOP_ANALYSIS = YES;
				CLANG_WARN_STRICT_PROTOTYPES = YES;
				CLANG_WARN_SUSPICIOUS_MOVE = YES;
				CLANG_WARN_UNGUARDED_AVAILABILITY = YES_AGGRESSIVE;
				CLANG_WARN_UNREACHABLE_CODE = YES;
				CLANG_WARN__DUPLICATE_METHOD_MATCH = YES;
				COPY_PHASE_STRIP = NO;
				DEBUG_INFORMATION_FORMAT = dwarf;
				ENABLE_STRICT_OBJC_MSGSEND = YES;
				ENABLE_TESTABILITY = YES;
				ENABLE_USER_SCRIPT_SANDBOXING = YES;
				GCC_C_LANGUAGE_STANDARD = gnu17;
				GCC_DYNAMIC_NO_PIC = NO;
				GCC_NO_COMMON_BLOCKS = YES;
				GCC_OPTIMIZATION_LEVEL = 0;
				GCC_PREPROCESSOR_DEFINITIONS = (
					"DEBUG=1",
					"$(inherited)",
				);
				GCC_WARN_64_TO_32_BIT_CONVERSION = YES;
				GCC_WARN_ABOUT_RETURN_TYPE = YES_ERROR;
				GCC_WARN_UNDECLARED_SELECTOR = YES;
				GCC_WARN_UNINITIALIZED_AUTOS = YES_AGGRESSIVE;
				GCC_WARN_UNUSED_FUNCTION = YES;
				GCC_WARN_UNUSED_VARIABLE = YES;
				GENERATE_INFOPLIST_FILE = NO;
				IPHONEOS_DEPLOYMENT_TARGET = 18.2;
				LOCALIZATION_PREFERS_STRING_CATALOGS = YES;
				MTL_ENABLE_DEBUG_INFO = INCLUDE_SOURCE;
				MTL_FAST_MATH = YES;
				ONLY_ACTIVE_ARCH = YES;
				SDKROOT = iphoneos;
				SWIFT_ACTIVE_COMPILATION_CONDITIONS = "DEBUG $(inherited)";
				SWIFT_OPTIMIZATION_LEVEL = "-Onone";
			};
			name = Debug;
		};
		D5A523E92EE1C323005B0248 /* Release */ = {
			isa = XCBuildConfiguration;
			buildSettings = {
				ALWAYS_SEARCH_USER_PATHS = NO;
				ASSETCATALOG_COMPILER_GENERATE_SWIFT_ASSET_SYMBOL_EXTENSIONS = YES;
				CLANG_ANALYZER_NONNULL = YES;
				CLANG_ANALYZER_NUMBER_OBJECT_CONVERSION = YES_AGGRESSIVE;
				CLANG_CXX_LANGUAGE_STANDARD = "gnu++20";
				CLANG_ENABLE_MODULES = YES;
				CLANG_ENABLE_OBJC_ARC = YES;
				CLANG_ENABLE_OBJC_WEAK = YES;
				CLANG_WARN_BLOCK_CAPTURE_AUTORELEASING = YES;
				CLANG_WARN_BOOL_CONVERSION = YES;
				CLANG_WARN_COMMA = YES;
				CLANG_WARN_CONSTANT_CONVERSION = YES;
				CLANG_WARN_DEPRECATED_OBJC_IMPLEMENTATIONS = YES;
				CLANG_WARN_DIRECT_OBJC_ISA_USAGE = YES_ERROR;
				CLANG_WARN_DOCUMENTATION_COMMENTS = YES;
				CLANG_WARN_EMPTY_BODY = YES;
				CLANG_WARN_ENUM_CONVERSION = YES;
				CLANG_WARN_INFINITE_RECURSION = YES;
				CLANG_WARN_INT_CONVERSION = YES;
				CLANG_WARN_NON_LITERAL_NULL_CONVERSION = YES;
				CLANG_WARN_OBJC_IMPLICIT_RETAIN_SELF = YES;
				CLANG_WARN_OBJC_LITERAL_CONVERSION = YES;
				CLANG_WARN_OBJC_ROOT_CLASS = YES_ERROR;
				CLANG_WARN_QUOTED_INCLUDE_IN_FRAMEWORK_HEADER = YES;
				CLANG_WARN_RANGE_LOOP_ANALYSIS = YES;
				CLANG_WARN_STRICT_PROTOTYPES = YES;
				CLANG_WARN_SUSPICIOUS_MOVE = YES;
				CLANG_WARN_UNGUARDED_AVAILABILITY = YES_AGGRESSIVE;
				CLANG_WARN_UNREACHABLE_CODE = YES;
				CLANG_WARN__DUPLICATE_METHOD_MATCH = YES;
				COPY_PHASE_STRIP = NO;
				DEBUG_INFORMATION_FORMAT = "dwarf-with-dsym";
				ENABLE_NS_ASSERTIONS = NO;
				ENABLE_STRICT_OBJC_MSGSEND = YES;
				ENABLE_USER_SCRIPT_SANDBOXING = YES;
				GCC_C_LANGUAGE_STANDARD = gnu17;
				GCC_NO_COMMON_BLOCKS = YES;
				GCC_WARN_64_TO_32_BIT_CONVERSION = YES;
				GCC_WARN_ABOUT_RETURN_TYPE = YES_ERROR;
				GCC_WARN_UNDECLARED_SELECTOR = YES;
				GCC_WARN_UNINITIALIZED_AUTOS = YES_AGGRESSIVE;
				GCC_WARN_UNUSED_FUNCTION = YES;
				GCC_WARN_UNUSED_VARIABLE = YES;
				GENERATE_INFOPLIST_FILE = NO;
				IPHONEOS_DEPLOYMENT_TARGET = 18.2;
				LOCALIZATION_PREFERS_STRING_CATALOGS = YES;
				MTL_ENABLE_DEBUG_INFO = NO;
				MTL_FAST_MATH = YES;
				SDKROOT = iphoneos;
				SWIFT_COMPILATION_MODE = wholemodule;
				VALIDATE_PRODUCT = YES;
			};
			name = Release;
		};
		D5A523EB2EE1C323005B0248 /* Debug */ = {
			isa = XCBuildConfiguration;
			buildSettings = {
				ASSETCATALOG_COMPILER_APPICON_NAME = AppIcon;
				ASSETCATALOG_COMPILER_GLOBAL_ACCENT_COLOR_NAME = AccentColor;
				CODE_SIGN_IDENTITY = "Apple Development";
				"CODE_SIGN_IDENTITY[sdk=iphoneos*]" = "iPhone Distribution";
				CODE_SIGN_STYLE = Manual;
				CURRENT_PROJECT_VERSION = 291;
				DEVELOPMENT_ASSET_PATHS = "\"CiCdTestingDev/Preview Content\"";
				DEVELOPMENT_TEAM = "";
				"DEVELOPMENT_TEAM[sdk=iphoneos*]" = 5QQR76XAUZ;
				ENABLE_PREVIEWS = YES;
				GENERATE_INFOPLIST_FILE = YES;
				INFOPLIST_KEY_UIApplicationSceneManifest_Generation = YES;
				INFOPLIST_KEY_UIApplicationSupportsIndirectInputEvents = YES;
				INFOPLIST_KEY_UILaunchScreen_Generation = YES;
				INFOPLIST_KEY_UISupportedInterfaceOrientations_iPad = "UIInterfaceOrientationPortrait UIInterfaceOrientationPortraitUpsideDown UIInterfaceOrientationLandscapeLeft UIInterfaceOrientationLandscapeRight";
				INFOPLIST_KEY_UISupportedInterfaceOrientations_iPhone = "UIInterfaceOrientationPortrait UIInterfaceOrientationLandscapeLeft UIInterfaceOrientationLandscapeRight";
				IPHONEOS_DEPLOYMENT_TARGET = 18.0;
				LD_RUNPATH_SEARCH_PATHS = (
					"$(inherited)",
					"@executable_path/Frameworks",
				);
				MARKETING_VERSION = 1.0;
				"OTHER_SWIFT_FLAGS[arch=*]" = "";
				PRODUCT_BUNDLE_IDENTIFIER = com.ciCdTestingZesium.dev;
				PRODUCT_NAME = "$(TARGET_NAME)";
				PROVISIONING_PROFILE_SPECIFIER = "";
				"PROVISIONING_PROFILE_SPECIFIER[sdk=iphoneos*]" = CiCdTestingProfileDev;
				SWIFT_EMIT_LOC_STRINGS = YES;
				SWIFT_VERSION = 5.0;
				TARGETED_DEVICE_FAMILY = "1,2";
			};
			name = Debug;
		};
		D5A523EC2EE1C323005B0248 /* Release */ = {
			isa = XCBuildConfiguration;
			buildSettings = {
				ASSETCATALOG_COMPILER_APPICON_NAME = AppIcon;
				ASSETCATALOG_COMPILER_GLOBAL_ACCENT_COLOR_NAME = AccentColor;
				CODE_SIGN_IDENTITY = "Apple Development";
				"CODE_SIGN_IDENTITY[sdk=iphoneos*]" = "iPhone Distribution";
				CODE_SIGN_STYLE = Manual;
				CURRENT_PROJECT_VERSION = 291;
				DEVELOPMENT_ASSET_PATHS = "\"CiCdTestingDev/Preview Content\"";
				DEVELOPMENT_TEAM = "";
				"DEVELOPMENT_TEAM[sdk=iphoneos*]" = 5QQR76XAUZ;
				ENABLE_PREVIEWS = YES;
				GENERATE_INFOPLIST_FILE = YES;
				INFOPLIST_KEY_UIApplicationSceneManifest_Generation = YES;
				INFOPLIST_KEY_UIApplicationSupportsIndirectInputEvents = YES;
				INFOPLIST_KEY_UILaunchScreen_Generation = YES;
				INFOPLIST_KEY_UISupportedInterfaceOrientations_iPad = "UIInterfaceOrientationPortrait UIInterfaceOrientationPortraitUpsideDown UIInterfaceOrientationLandscapeLeft UIInterfaceOrientationLandscapeRight";
				INFOPLIST_KEY_UISupportedInterfaceOrientations_iPhone = "UIInterfaceOrientationPortrait UIInterfaceOrientationLandscapeLeft UIInterfaceOrientationLandscapeRight";
				IPHONEOS_DEPLOYMENT_TARGET = 18.0;
				LD_RUNPATH_SEARCH_PATHS = (
					"$(inherited)",
					"@executable_path/Frameworks",
				);
				MARKETING_VERSION = 1.0;
				"OTHER_SWIFT_FLAGS[arch=*]" = "";
				PRODUCT_BUNDLE_IDENTIFIER = com.ciCdTestingZesium.dev;
				PRODUCT_NAME = "$(TARGET_NAME)";
				PROVISIONING_PROFILE_SPECIFIER = "";
				"PROVISIONING_PROFILE_SPECIFIER[sdk=iphoneos*]" = CiCdTestingProfileDev;
				SWIFT_EMIT_LOC_STRINGS = YES;
				SWIFT_VERSION = 5.0;
				TARGETED_DEVICE_FAMILY = "1,2";
			};
			name = Release;
		};
		D5A523EE2EE1C323005B0248 /* Debug */ = {
			isa = XCBuildConfiguration;
			buildSettings = {
				BUNDLE_LOADER = "$(TEST_HOST)";
				CODE_SIGN_STYLE = Automatic;
				CURRENT_PROJECT_VERSION = 1;
				DEVELOPMENT_TEAM = 5QQR76XAUZ;
				GENERATE_INFOPLIST_FILE = YES;
				IPHONEOS_DEPLOYMENT_TARGET = 18.2;
				MARKETING_VERSION = 1.0;
				PRODUCT_BUNDLE_IDENTIFIER = com.Zesium.CiCdTestingDevTests;
				PRODUCT_NAME = "$(TARGET_NAME)";
				SWIFT_EMIT_LOC_STRINGS = NO;
				SWIFT_VERSION = 5.0;
				TARGETED_DEVICE_FAMILY = "1,2";
				TEST_HOST = "$(BUILT_PRODUCTS_DIR)/CiCdTestingDev.app/$(BUNDLE_EXECUTABLE_FOLDER_PATH)/CiCdTestingDev";
			};
			name = Debug;
		};
		D5A523EF2EE1C323005B0248 /* Release */ = {
			isa = XCBuildConfiguration;
			buildSettings = {
				BUNDLE_LOADER = "$(TEST_HOST)";
				CODE_SIGN_STYLE = Automatic;
				CURRENT_PROJECT_VERSION = 1;
				DEVELOPMENT_TEAM = 5QQR76XAUZ;
				GENERATE_INFOPLIST_FILE = YES;
				IPHONEOS_DEPLOYMENT_TARGET = 18.2;
				MARKETING_VERSION = 1.0;
				PRODUCT_BUNDLE_IDENTIFIER = com.Zesium.CiCdTestingDevTests;
				PRODUCT_NAME = "$(TARGET_NAME)";
				SWIFT_EMIT_LOC_STRINGS = NO;
				SWIFT_VERSION = 5.0;
				TARGETED_DEVICE_FAMILY = "1,2";
				TEST_HOST = "$(BUILT_PRODUCTS_DIR)/CiCdTestingDev.app/$(BUNDLE_EXECUTABLE_FOLDER_PATH)/CiCdTestingDev";
			};
			name = Release;
		};
		D5A523F12EE1C323005B0248 /* Debug */ = {
			isa = XCBuildConfiguration;
			buildSettings = {
				CODE_SIGN_STYLE = Automatic;
				CURRENT_PROJECT_VERSION = 1;
				DEVELOPMENT_TEAM = 5QQR76XAUZ;
				GENERATE_INFOPLIST_FILE = YES;
				MARKETING_VERSION = 1.0;
				PRODUCT_BUNDLE_IDENTIFIER = com.Zesium.CiCdTestingDevUITests;
				PRODUCT_NAME = "$(TARGET_NAME)";
				SWIFT_EMIT_LOC_STRINGS = NO;
				SWIFT_VERSION = 5.0;
				TARGETED_DEVICE_FAMILY = "1,2";
				TEST_TARGET_NAME = CiCdTestingDev;
			};
			name = Debug;
		};
		D5A523F22EE1C323005B0248 /* Release */ = {
			isa = XCBuildConfiguration;
			buildSettings = {
				CODE_SIGN_STYLE = Automatic;
				CURRENT_PROJECT_VERSION = 1;
				DEVELOPMENT_TEAM = 5QQR76XAUZ;
				GENERATE_INFOPLIST_FILE = YES;
				MARKETING_VERSION = 1.0;
				PRODUCT_BUNDLE_IDENTIFIER = com.Zesium.CiCdTestingDevUITests;
				PRODUCT_NAME = "$(TARGET_NAME)";
				SWIFT_EMIT_LOC_STRINGS = NO;
				SWIFT_VERSION = 5.0;
				TARGETED_DEVICE_FAMILY = "1,2";
				TEST_TARGET_NAME = CiCdTestingDev;
			};
			name = Release;
		};
/* End XCBuildConfiguration section */

/* Begin XCConfigurationList section */
		D5A523C12EE1C321005B0248 /* Build configuration list for PBXProject "CiCdTestingDev" */ = {
			isa = XCConfigurationList;
			buildConfigurations = (
				D5A523E82EE1C323005B0248 /* Debug */,
				D5A523E92EE1C323005B0248 /* Release */,
			);
			defaultConfigurationIsVisible = 0;
			defaultConfigurationName = Release;
		};
		D5A523EA2EE1C323005B0248 /* Build configuration list for PBXNativeTarget "CiCdTestingDev" */ = {
			isa = XCConfigurationList;
			buildConfigurations = (
				D5A523EB2EE1C323005B0248 /* Debug */,
				D5A523EC2EE1C323005B0248 /* Release */,
			);
			defaultConfigurationIsVisible = 0;
			defaultConfigurationName = Release;
		};
		D5A523ED2EE1C323005B0248 /* Build configuration list for PBXNativeTarget "CiCdTestingDevTests" */ = {
			isa = XCConfigurationList;
			buildConfigurations = (
				D5A523EE2EE1C323005B0248 /* Debug */,
				D5A523EF2EE1C323005B0248 /* Release */,
			);
			defaultConfigurationIsVisible = 0;
			defaultConfigurationName = Release;
		};
		D5A523F02EE1C323005B0248 /* Build configuration list for PBXNativeTarget "CiCdTestingDevUITests" */ = {
			isa = XCConfigurationList;
			buildConfigurations = (
				D5A523F12EE1C323005B0248 /* Debug */,
				D5A523F22EE1C323005B0248 /* Release */,
			);
			defaultConfigurationIsVisible = 0;
			defaultConfigurationName = Release;
		};
/* End XCConfigurationList section */

/* Begin XCLocalSwiftPackageReference section */
		D594D98C2EE830DA00D46AAE /* XCLocalSwiftPackageReference "../../../../Packages/Sources/CommonPackage" */ = {
			isa = XCLocalSwiftPackageReference;
			relativePath = ../../../../Packages/Sources/CommonPackage;
		};
/* End XCLocalSwiftPackageReference section */

/* Begin XCRemoteSwiftPackageReference section */
		D5A524352EE1C3F3005B0248 /* XCRemoteSwiftPackageReference "xcore" */ = {
			isa = XCRemoteSwiftPackageReference;
			repositoryURL = "https://github.com/luismachado/xcore";
			requirement = {
				kind = upToNextMajorVersion;
				minimumVersion = 1.0.4;
			};
		};
		D5A524362EE1C40C005B0248 /* XCRemoteSwiftPackageReference "swift-composable-architecture" */ = {
			isa = XCRemoteSwiftPackageReference;
			repositoryURL = "https://github.com/pointfreeco/swift-composable-architecture";
			requirement = {
				kind = upToNextMajorVersion;
				minimumVersion = 1.23.1;
			};
		};
/* End XCRemoteSwiftPackageReference section */

/* Begin XCSwiftPackageProductDependency section */
		D576EAFF2EE6E7BD0058E6C1 /* cicddev-ios */ = {
			isa = XCSwiftPackageProductDependency;
			productName = "cicddev-ios";
		};
		D576EB012EE702480058E6C1 /* CustomContentView */ = {
			isa = XCSwiftPackageProductDependency;
			productName = CustomContentView;
		};
		D576EB142EE70F280058E6C1 /* ComposableArchitecture */ = {
			isa = XCSwiftPackageProductDependency;
			package = D5A524362EE1C40C005B0248 /* XCRemoteSwiftPackageReference "swift-composable-architecture" */;
			productName = ComposableArchitecture;
		};
/* End XCSwiftPackageProductDependency section */
	};
	rootObject = D5A523BE2EE1C321005B0248 /* Project object */;
}
