// !$*UTF8*$!
{
	archiveVersion = 1;
	classes = {
	};
	objectVersion = 77;
	objects = {

/* Begin PBXBuildFile section */
		D5A5246B2EE1C463005B0248 /* CiCdTestingPlan.xctestplan in Resources */ = {isa = PBXBuildFile; fileRef = D5A5246A2EE1C463005B0248 /* CiCdTestingPlan.xctestplan */; };
		D5A524B32EE1D05F005B0248 /* exportOptions.plist in Resources */ = {isa = PBXBuildFile; fileRef = D5A524B22EE1D053005B0248 /* exportOptions.plist */; };
/* End PBXBuildFile section */

/* Begin PBXContainerItemProxy section */
		D5A523792EE1BEF0005B0248 /* PBXContainerItemProxy */ = {
			isa = PBXContainerItemProxy;
			containerPortal = D5A523602EE1BEEF005B0248 /* Project object */;
			proxyType = 1;
			remoteGlobalIDString = D5A523672EE1BEEF005B0248;
			remoteInfo = CiCdTesting;
		};
		D5A523832EE1BEF0005B0248 /* PBXContainerItemProxy */ = {
			isa = PBXContainerItemProxy;
			containerPortal = D5A523602EE1BEEF005B0248 /* Project object */;
			proxyType = 1;
			remoteGlobalIDString = D5A523672EE1BEEF005B0248;
			remoteInfo = CiCdTesting;
		};
/* End PBXContainerItemProxy section */

/* Begin PBXFileReference section */
		D5A523682EE1BEEF005B0248 /* CiCdTesting.app */ = {isa = PBXFileReference; explicitFileType = wrapper.application; includeInIndex = 0; path = CiCdTesting.app; sourceTree = BUILT_PRODUCTS_DIR; };
		D5A523782EE1BEF0005B0248 /* CiCdTestingTests.xctest */ = {isa = PBXFileReference; explicitFileType = wrapper.cfbundle; includeInIndex = 0; path = CiCdTestingTests.xctest; sourceTree = BUILT_PRODUCTS_DIR; };
		D5A523822EE1BEF0005B0248 /* CiCdTestingUITests.xctest */ = {isa = PBXFileReference; explicitFileType = wrapper.cfbundle; includeInIndex = 0; path = CiCdTestingUITests.xctest; sourceTree = BUILT_PRODUCTS_DIR; };
		D5A5246A2EE1C463005B0248 /* CiCdTestingPlan.xctestplan */ = {isa = PBXFileReference; lastKnownFileType = text; path = CiCdTestingPlan.xctestplan; sourceTree = "<group>"; };
		D5A524B22EE1D053005B0248 /* exportOptions.plist */ = {isa = PBXFileReference; lastKnownFileType = text.plist; path = exportOptions.plist; sourceTree = "<group>"; };
/* End PBXFileReference section */

/* Begin PBXFileSystemSynchronizedRootGroup section */
		D5A5236A2EE1BEEF005B0248 /* CiCdTesting */ = {
			isa = PBXFileSystemSynchronizedRootGroup;
			path = CiCdTesting;
			sourceTree = "<group>";
		};
		D5A5237B2EE1BEF0005B0248 /* CiCdTestingTests */ = {
			isa = PBXFileSystemSynchronizedRootGroup;
			path = CiCdTestingTests;
			sourceTree = "<group>";
		};
		D5A523852EE1BEF0005B0248 /* CiCdTestingUITests */ = {
			isa = PBXFileSystemSynchronizedRootGroup;
			path = CiCdTestingUITests;
			sourceTree = "<group>";
		};
/* End PBXFileSystemSynchronizedRootGroup section */

/* Begin PBXFrameworksBuildPhase section */
		D5A523652EE1BEEF005B0248 /* Frameworks */ = {
			isa = PBXFrameworksBuildPhase;
			buildActionMask = 2147483647;
			files = (
			);
			runOnlyForDeploymentPostprocessing = 0;
		};
		D5A523752EE1BEF0005B0248 /* Frameworks */ = {
			isa = PBXFrameworksBuildPhase;
			buildActionMask = 2147483647;
			files = (
			);
			runOnlyForDeploymentPostprocessing = 0;
		};
		D5A5237F2EE1BEF0005B0248 /* Frameworks */ = {
			isa = PBXFrameworksBuildPhase;
			buildActionMask = 2147483647;
			files = (
			);
			runOnlyForDeploymentPostprocessing = 0;
		};
/* End PBXFrameworksBuildPhase section */

/* Begin PBXGroup section */
		D5A5235F2EE1BEEF005B0248 = {
			isa = PBXGroup;
			children = (
				D5A524B22EE1D053005B0248 /* exportOptions.plist */,
				D5A5246A2EE1C463005B0248 /* CiCdTestingPlan.xctestplan */,
				D5A5236A2EE1BEEF005B0248 /* CiCdTesting */,
				D5A5237B2EE1BEF0005B0248 /* CiCdTestingTests */,
				D5A523852EE1BEF0005B0248 /* CiCdTestingUITests */,
				D5A523692EE1BEEF005B0248 /* Products */,
			);
			sourceTree = "<group>";
		};
		D5A523692EE1BEEF005B0248 /* Products */ = {
			isa = PBXGroup;
			children = (
				D5A523682EE1BEEF005B0248 /* CiCdTesting.app */,
				D5A523782EE1BEF0005B0248 /* CiCdTestingTests.xctest */,
				D5A523822EE1BEF0005B0248 /* CiCdTestingUITests.xctest */,
			);
			name = Products;
			sourceTree = "<group>";
		};
/* End PBXGroup section */

/* Begin PBXNativeTarget section */
		D5A523672EE1BEEF005B0248 /* CiCdTesting */ = {
			isa = PBXNativeTarget;
			buildConfigurationList = D5A5238C2EE1BEF0005B0248 /* Build configuration list for PBXNativeTarget "CiCdTesting" */;
			buildPhases = (
				D5A523642EE1BEEF005B0248 /* Sources */,
				D5A523652EE1BEEF005B0248 /* Frameworks */,
				D5A523662EE1BEEF005B0248 /* Resources */,
			);
			buildRules = (
			);
			dependencies = (
			);
			fileSystemSynchronizedGroups = (
				D5A5236A2EE1BEEF005B0248 /* CiCdTesting */,
			);
			name = CiCdTesting;
			packageProductDependencies = (
			);
			productName = CiCdTesting;
			productReference = D5A523682EE1BEEF005B0248 /* CiCdTesting.app */;
			productType = "com.apple.product-type.application";
		};
		D5A523772EE1BEF0005B0248 /* CiCdTestingTests */ = {
			isa = PBXNativeTarget;
			buildConfigurationList = D5A5238F2EE1BEF0005B0248 /* Build configuration list for PBXNativeTarget "CiCdTestingTests" */;
			buildPhases = (
				D5A523742EE1BEF0005B0248 /* Sources */,
				D5A523752EE1BEF0005B0248 /* Frameworks */,
				D5A523762EE1BEF0005B0248 /* Resources */,
			);
			buildRules = (
			);
			dependencies = (
				D5A5237A2EE1BEF0005B0248 /* PBXTargetDependency */,
			);
			fileSystemSynchronizedGroups = (
				D5A5237B2EE1BEF0005B0248 /* CiCdTestingTests */,
			);
			name = CiCdTestingTests;
			packageProductDependencies = (
			);
			productName = CiCdTestingTests;
			productReference = D5A523782EE1BEF0005B0248 /* CiCdTestingTests.xctest */;
			productType = "com.apple.product-type.bundle.unit-test";
		};
		D5A523812EE1BEF0005B0248 /* CiCdTestingUITests */ = {
			isa = PBXNativeTarget;
			buildConfigurationList = D5A523922EE1BEF0005B0248 /* Build configuration list for PBXNativeTarget "CiCdTestingUITests" */;
			buildPhases = (
				D5A5237E2EE1BEF0005B0248 /* Sources */,
				D5A5237F2EE1BEF0005B0248 /* Frameworks */,
				D5A523802EE1BEF0005B0248 /* Resources */,
			);
			buildRules = (
			);
			dependencies = (
				D5A523842EE1BEF0005B0248 /* PBXTargetDependency */,
			);
			fileSystemSynchronizedGroups = (
				D5A523852EE1BEF0005B0248 /* CiCdTestingUITests */,
			);
			name = CiCdTestingUITests;
			packageProductDependencies = (
			);
			productName = CiCdTestingUITests;
			productReference = D5A523822EE1BEF0005B0248 /* CiCdTestingUITests.xctest */;
			productType = "com.apple.product-type.bundle.ui-testing";
		};
/* End PBXNativeTarget section */

/* Begin PBXProject section */
		D5A523602EE1BEEF005B0248 /* Project object */ = {
			isa = PBXProject;
			attributes = {
				BuildIndependentTargetsInParallel = 1;
				LastSwiftUpdateCheck = 1620;
				LastUpgradeCheck = 1620;
				TargetAttributes = {
					D5A523672EE1BEEF005B0248 = {
						CreatedOnToolsVersion = 16.2;
					};
					D5A523772EE1BEF0005B0248 = {
						CreatedOnToolsVersion = 16.2;
						TestTargetID = D5A523672EE1BEEF005B0248;
					};
					D5A523812EE1BEF0005B0248 = {
						CreatedOnToolsVersion = 16.2;
						TestTargetID = D5A523672EE1BEEF005B0248;
					};
				};
			};
			buildConfigurationList = D5A523632EE1BEEF005B0248 /* Build configuration list for PBXProject "CiCdTesting" */;
			developmentRegion = en;
			hasScannedForEncodings = 0;
			knownRegions = (
				en,
				Base,
			);
			mainGroup = D5A5235F2EE1BEEF005B0248;
			minimizedProjectReferenceProxies = 1;
			packageReferences = (
				D5A523AA2EE1C29B005B0248 /* XCRemoteSwiftPackageReference "xcore" */,
				D5A523AB2EE1C2B2005B0248 /* XCRemoteSwiftPackageReference "swift-composable-architecture" */,
			);
			preferredProjectObjectVersion = 77;
			productRefGroup = D5A523692EE1BEEF005B0248 /* Products */;
			projectDirPath = "";
			projectRoot = "";
			targets = (
				D5A523672EE1BEEF005B0248 /* CiCdTesting */,
				D5A523772EE1BEF0005B0248 /* CiCdTestingTests */,
				D5A523812EE1BEF0005B0248 /* CiCdTestingUITests */,
			);
		};
/* End PBXProject section */

/* Begin PBXResourcesBuildPhase section */
		D5A523662EE1BEEF005B0248 /* Resources */ = {
			isa = PBXResourcesBuildPhase;
			buildActionMask = 2147483647;
			files = (
				D5A5246B2EE1C463005B0248 /* CiCdTestingPlan.xctestplan in Resources */,
				D5A524B32EE1D05F005B0248 /* exportOptions.plist in Resources */,
			);
			runOnlyForDeploymentPostprocessing = 0;
		};
		D5A523762EE1BEF0005B0248 /* Resources */ = {
			isa = PBXResourcesBuildPhase;
			buildActionMask = 2147483647;
			files = (
			);
			runOnlyForDeploymentPostprocessing = 0;
		};
		D5A523802EE1BEF0005B0248 /* Resources */ = {
			isa = PBXResourcesBuildPhase;
			buildActionMask = 2147483647;
			files = (
			);
			runOnlyForDeploymentPostprocessing = 0;
		};
/* End PBXResourcesBuildPhase section */

/* Begin PBXSourcesBuildPhase section */
		D5A523642EE1BEEF005B0248 /* Sources */ = {
			isa = PBXSourcesBuildPhase;
			buildActionMask = 2147483647;
			files = (
			);
			runOnlyForDeploymentPostprocessing = 0;
		};
		D5A523742EE1BEF0005B0248 /* Sources */ = {
			isa = PBXSourcesBuildPhase;
			buildActionMask = 2147483647;
			files = (
			);
			runOnlyForDeploymentPostprocessing = 0;
		};
		D5A5237E2EE1BEF0005B0248 /* Sources */ = {
			isa = PBXSourcesBuildPhase;
			buildActionMask = 2147483647;
			files = (
			);
			runOnlyForDeploymentPostprocessing = 0;
		};
/* End PBXSourcesBuildPhase section */

/* Begin PBXTargetDependency section */
		D5A5237A2EE1BEF0005B0248 /* PBXTargetDependency */ = {
			isa = PBXTargetDependency;
			target = D5A523672EE1BEEF005B0248 /* CiCdTesting */;
			targetProxy = D5A523792EE1BEF0005B0248 /* PBXContainerItemProxy */;
		};
		D5A523842EE1BEF0005B0248 /* PBXTargetDependency */ = {
			isa = PBXTargetDependency;
			target = D5A523672EE1BEEF005B0248 /* CiCdTesting */;
			targetProxy = D5A523832EE1BEF0005B0248 /* PBXContainerItemProxy */;
		};
/* End PBXTargetDependency section */

/* Begin XCBuildConfiguration section */
		D5A5238A2EE1BEF0005B0248 /* Debug */ = {
			isa = XCBuildConfiguration;
			buildSettings = {
				ALWAYS_SEARCH_USER_PATHS = NO;
				ASSETCATALOG_COMPILER_GENERATE_SWIFT_ASSET_SYMBOL_EXTENSIONS = YES;
				CLANG_ANALYZER_NONNULL = YES;
				CLANG_ANALYZER_NUMBER_OBJECT_CONVERSION = YES_AGGRESSIVE;
				CLANG_CXX_LANGUAGE_STANDARD = "gnu++20";
				CLANG_ENABLE_MODULES = YES;
				CLANG_ENABLE_OBJC_ARC = YES;
				CLANG_ENABLE_OBJC_WEAK = YES;
				CLANG_WARN_BLOCK_CAPTURE_AUTORELEASING = YES;
				CLANG_WARN_BOOL_CONVERSION = YES;
				CLANG_WARN_COMMA = YES;
				CLANG_WARN_CONSTANT_CONVERSION = YES;
				CLANG_WARN_DEPRECATED_OBJC_IMPLEMENTATIONS = YES;
				CLANG_WARN_DIRECT_OBJC_ISA_USAGE = YES_ERROR;
				CLANG_WARN_DOCUMENTATION_COMMENTS = YES;
				CLANG_WARN_EMPTY_BODY = YES;
				CLANG_WARN_ENUM_CONVERSION = YES;
				CLANG_WARN_INFINITE_RECURSION = YES;
				CLANG_WARN_INT_CONVERSION = YES;
				CLANG_WARN_NON_LITERAL_NULL_CONVERSION = YES;
				CLANG_WARN_OBJC_IMPLICIT_RETAIN_SELF = YES;
				CLANG_WARN_OBJC_LITERAL_CONVERSION = YES;
				CLANG_WARN_OBJC_ROOT_CLASS = YES_ERROR;
				CLANG_WARN_QUOTED_INCLUDE_IN_FRAMEWORK_HEADER = YES;
				CLANG_WARN_RANGE_LOOP_ANALYSIS = YES;
				CLANG_WARN_STRICT_PROTOTYPES = YES;
				CLANG_WARN_SUSPICIOUS_MOVE = YES;
				CLANG_WARN_UNGUARDED_AVAILABILITY = YES_AGGRESSIVE;
				CLANG_WARN_UNREACHABLE_CODE = YES;
				CLANG_WARN__DUPLICATE_METHOD_MATCH = YES;
				COPY_PHASE_STRIP = NO;
				DEBUG_INFORMATION_FORMAT = dwarf;
				ENABLE_STRICT_OBJC_MSGSEND = YES;
				ENABLE_TESTABILITY = YES;
				ENABLE_USER_SCRIPT_SANDBOXING = YES;
				GCC_C_LANGUAGE_STANDARD = gnu17;
				GCC_DYNAMIC_NO_PIC = NO;
				GCC_NO_COMMON_BLOCKS = YES;
				GCC_OPTIMIZATION_LEVEL = 0;
				GCC_PREPROCESSOR_DEFINITIONS = (
					"DEBUG=1",
					"$(inherited)",
				);
				GCC_WARN_64_TO_32_BIT_CONVERSION = YES;
				GCC_WARN_ABOUT_RETURN_TYPE = YES_ERROR;
				GCC_WARN_UNDECLARED_SELECTOR = YES;
				GCC_WARN_UNINITIALIZED_AUTOS = YES_AGGRESSIVE;
				GCC_WARN_UNUSED_FUNCTION = YES;
				GCC_WARN_UNUSED_VARIABLE = YES;
				IPHONEOS_DEPLOYMENT_TARGET = 18.2;
				LOCALIZATION_PREFERS_STRING_CATALOGS = YES;
				MTL_ENABLE_DEBUG_INFO = INCLUDE_SOURCE;
				MTL_FAST_MATH = YES;
				ONLY_ACTIVE_ARCH = YES;
				SDKROOT = iphoneos;
				SWIFT_ACTIVE_COMPILATION_CONDITIONS = "DEBUG $(inherited)";
				SWIFT_OPTIMIZATION_LEVEL = "-Onone";
			};
			name = Debug;
		};
		D5A5238B2EE1BEF0005B0248 /* Release */ = {
			isa = XCBuildConfiguration;
			buildSettings = {
				ALWAYS_SEARCH_USER_PATHS = NO;
				ASSETCATALOG_COMPILER_GENERATE_SWIFT_ASSET_SYMBOL_EXTENSIONS = YES;
				CLANG_ANALYZER_NONNULL = YES;
				CLANG_ANALYZER_NUMBER_OBJECT_CONVERSION = YES_AGGRESSIVE;
				CLANG_CXX_LANGUAGE_STANDARD = "gnu++20";
				CLANG_ENABLE_MODULES = YES;
				CLANG_ENABLE_OBJC_ARC = YES;
				CLANG_ENABLE_OBJC_WEAK = YES;
				CLANG_WARN_BLOCK_CAPTURE_AUTORELEASING = YES;
				CLANG_WARN_BOOL_CONVERSION = YES;
				CLANG_WARN_COMMA = YES;
				CLANG_WARN_CONSTANT_CONVERSION = YES;
				CLANG_WARN_DEPRECATED_OBJC_IMPLEMENTATIONS = YES;
				CLANG_WARN_DIRECT_OBJC_ISA_USAGE = YES_ERROR;
				CLANG_WARN_DOCUMENTATION_COMMENTS = YES;
				CLANG_WARN_EMPTY_BODY = YES;
				CLANG_WARN_ENUM_CONVERSION = YES;
				CLANG_WARN_INFINITE_RECURSION = YES;
				CLANG_WARN_INT_CONVERSION = YES;
				CLANG_WARN_NON_LITERAL_NULL_CONVERSION = YES;
				CLANG_WARN_OBJC_IMPLICIT_RETAIN_SELF = YES;
				CLANG_WARN_OBJC_LITERAL_CONVERSION = YES;
				CLANG_WARN_OBJC_ROOT_CLASS = YES_ERROR;
				CLANG_WARN_QUOTED_INCLUDE_IN_FRAMEWORK_HEADER = YES;
				CLANG_WARN_RANGE_LOOP_ANALYSIS = YES;
				CLANG_WARN_STRICT_PROTOTYPES = YES;
				CLANG_WARN_SUSPICIOUS_MOVE = YES;
				CLANG_WARN_UNGUARDED_AVAILABILITY = YES_AGGRESSIVE;
				CLANG_WARN_UNREACHABLE_CODE = YES;
				CLANG_WARN__DUPLICATE_METHOD_MATCH = YES;
				COPY_PHASE_STRIP = NO;
				DEBUG_INFORMATION_FORMAT = "dwarf-with-dsym";
				ENABLE_NS_ASSERTIONS = NO;
				ENABLE_STRICT_OBJC_MSGSEND = YES;
				ENABLE_USER_SCRIPT_SANDBOXING = YES;
				GCC_C_LANGUAGE_STANDARD = gnu17;
				GCC_NO_COMMON_BLOCKS = YES;
				GCC_WARN_64_TO_32_BIT_CONVERSION = YES;
				GCC_WARN_ABOUT_RETURN_TYPE = YES_ERROR;
				GCC_WARN_UNDECLARED_SELECTOR = YES;
				GCC_WARN_UNINITIALIZED_AUTOS = YES_AGGRESSIVE;
				GCC_WARN_UNUSED_FUNCTION = YES;
				GCC_WARN_UNUSED_VARIABLE = YES;
				IPHONEOS_DEPLOYMENT_TARGET = 18.2;
				LOCALIZATION_PREFERS_STRING_CATALOGS = YES;
				MTL_ENABLE_DEBUG_INFO = NO;
				MTL_FAST_MATH = YES;
				SDKROOT = iphoneos;
				SWIFT_COMPILATION_MODE = wholemodule;
				VALIDATE_PRODUCT = YES;
			};
			name = Release;
		};
		D5A5238D2EE1BEF0005B0248 /* Debug */ = {
			isa = XCBuildConfiguration;
			buildSettings = {
				ASSETCATALOG_COMPILER_APPICON_NAME = AppIcon;
				ASSETCATALOG_COMPILER_GLOBAL_ACCENT_COLOR_NAME = AccentColor;
				CODE_SIGN_STYLE = Automatic;
				CURRENT_PROJECT_VERSION = 1;
				DEVELOPMENT_ASSET_PATHS = "\"CiCdTesting/Preview Content\"";
				DEVELOPMENT_TEAM = 5QQR76XAUZ;
				ENABLE_PREVIEWS = YES;
				GENERATE_INFOPLIST_FILE = YES;
				INFOPLIST_KEY_UIApplicationSceneManifest_Generation = YES;
				INFOPLIST_KEY_UIApplicationSupportsIndirectInputEvents = YES;
				INFOPLIST_KEY_UILaunchScreen_Generation = YES;
				INFOPLIST_KEY_UISupportedInterfaceOrientations_iPad = "UIInterfaceOrientationPortrait UIInterfaceOrientationPortraitUpsideDown UIInterfaceOrientationLandscapeLeft UIInterfaceOrientationLandscapeRight";
				INFOPLIST_KEY_UISupportedInterfaceOrientations_iPhone = "UIInterfaceOrientationPortrait UIInterfaceOrientationLandscapeLeft UIInterfaceOrientationLandscapeRight";
				LD_RUNPATH_SEARCH_PATHS = (
					"$(inherited)",
					"@executable_path/Frameworks",
				);
				MARKETING_VERSION = 1.0;
				PRODUCT_BUNDLE_IDENTIFIER = com.ciCdTestingZesium.app;
				PRODUCT_NAME = "$(TARGET_NAME)";
				SWIFT_EMIT_LOC_STRINGS = YES;
				SWIFT_VERSION = 5.0;
				TARGETED_DEVICE_FAMILY = "1,2";
			};
			name = Debug;
		};
		D5A5238E2EE1BEF0005B0248 /* Release */ = {
			isa = XCBuildConfiguration;
			buildSettings = {
				ASSETCATALOG_COMPILER_APPICON_NAME = AppIcon;
				ASSETCATALOG_COMPILER_GLOBAL_ACCENT_COLOR_NAME = AccentColor;
				CODE_SIGN_STYLE = Automatic;
				CURRENT_PROJECT_VERSION = 1;
				DEVELOPMENT_ASSET_PATHS = "\"CiCdTesting/Preview Content\"";
				DEVELOPMENT_TEAM = 5QQR76XAUZ;
				ENABLE_PREVIEWS = YES;
				GENERATE_INFOPLIST_FILE = YES;
				INFOPLIST_KEY_UIApplicationSceneManifest_Generation = YES;
				INFOPLIST_KEY_UIApplicationSupportsIndirectInputEvents = YES;
				INFOPLIST_KEY_UILaunchScreen_Generation = YES;
				INFOPLIST_KEY_UISupportedInterfaceOrientations_iPad = "UIInterfaceOrientationPortrait UIInterfaceOrientationPortraitUpsideDown UIInterfaceOrientationLandscapeLeft UIInterfaceOrientationLandscapeRight";
				INFOPLIST_KEY_UISupportedInterfaceOrientations_iPhone = "UIInterfaceOrientationPortrait UIInterfaceOrientationLandscapeLeft UIInterfaceOrientationLandscapeRight";
				LD_RUNPATH_SEARCH_PATHS = (
					"$(inherited)",
					"@executable_path/Frameworks",
				);
				MARKETING_VERSION = 1.0;
				PRODUCT_BUNDLE_IDENTIFIER = com.ciCdTestingZesium.app;
				PRODUCT_NAME = "$(TARGET_NAME)";
				SWIFT_EMIT_LOC_STRINGS = YES;
				SWIFT_VERSION = 5.0;
				TARGETED_DEVICE_FAMILY = "1,2";
			};
			name = Release;
		};
		D5A523902EE1BEF0005B0248 /* Debug */ = {
			isa = XCBuildConfiguration;
			buildSettings = {
				BUNDLE_LOADER = "$(TEST_HOST)";
				CODE_SIGN_STYLE = Automatic;
				CURRENT_PROJECT_VERSION = 1;
				DEVELOPMENT_TEAM = 5QQR76XAUZ;
				GENERATE_INFOPLIST_FILE = YES;
				IPHONEOS_DEPLOYMENT_TARGET = 18.2;
				MARKETING_VERSION = 1.0;
				PRODUCT_BUNDLE_IDENTIFIER = com.Zesium.CiCdTestingTests;
				PRODUCT_NAME = "$(TARGET_NAME)";
				SWIFT_EMIT_LOC_STRINGS = NO;
				SWIFT_VERSION = 5.0;
				TARGETED_DEVICE_FAMILY = "1,2";
				TEST_HOST = "$(BUILT_PRODUCTS_DIR)/CiCdTesting.app/$(BUNDLE_EXECUTABLE_FOLDER_PATH)/CiCdTesting";
			};
			name = Debug;
		};
		D5A523912EE1BEF0005B0248 /* Release */ = {
			isa = XCBuildConfiguration;
			buildSettings = {
				BUNDLE_LOADER = "$(TEST_HOST)";
				CODE_SIGN_STYLE = Automatic;
				CURRENT_PROJECT_VERSION = 1;
				DEVELOPMENT_TEAM = 5QQR76XAUZ;
				GENERATE_INFOPLIST_FILE = YES;
				IPHONEOS_DEPLOYMENT_TARGET = 18.2;
				MARKETING_VERSION = 1.0;
				PRODUCT_BUNDLE_IDENTIFIER = com.Zesium.CiCdTestingTests;
				PRODUCT_NAME = "$(TARGET_NAME)";
				SWIFT_EMIT_LOC_STRINGS = NO;
				SWIFT_VERSION = 5.0;
				TARGETED_DEVICE_FAMILY = "1,2";
				TEST_HOST = "$(BUILT_PRODUCTS_DIR)/CiCdTesting.app/$(BUNDLE_EXECUTABLE_FOLDER_PATH)/CiCdTesting";
			};
			name = Release;
		};
		D5A523932EE1BEF0005B0248 /* Debug */ = {
			isa = XCBuildConfiguration;
			buildSettings = {
				CODE_SIGN_STYLE = Automatic;
				CURRENT_PROJECT_VERSION = 1;
				DEVELOPMENT_TEAM = 5QQR76XAUZ;
				GENERATE_INFOPLIST_FILE = YES;
				MARKETING_VERSION = 1.0;
				PRODUCT_BUNDLE_IDENTIFIER = com.Zesium.CiCdTestingUITests;
				PRODUCT_NAME = "$(TARGET_NAME)";
				SWIFT_EMIT_LOC_STRINGS = NO;
				SWIFT_VERSION = 5.0;
				TARGETED_DEVICE_FAMILY = "1,2";
				TEST_TARGET_NAME = CiCdTesting;
			};
			name = Debug;
		};
		D5A523942EE1BEF0005B0248 /* Release */ = {
			isa = XCBuildConfiguration;
			buildSettings = {
				CODE_SIGN_STYLE = Automatic;
				CURRENT_PROJECT_VERSION = 1;
				DEVELOPMENT_TEAM = 5QQR76XAUZ;
				GENERATE_INFOPLIST_FILE = YES;
				MARKETING_VERSION = 1.0;
				PRODUCT_BUNDLE_IDENTIFIER = com.Zesium.CiCdTestingUITests;
				PRODUCT_NAME = "$(TARGET_NAME)";
				SWIFT_EMIT_LOC_STRINGS = NO;
				SWIFT_VERSION = 5.0;
				TARGETED_DEVICE_FAMILY = "1,2";
				TEST_TARGET_NAME = CiCdTesting;
			};
			name = Release;
		};
/* End XCBuildConfiguration section */

/* Begin XCConfigurationList section */
		D5A523632EE1BEEF005B0248 /* Build configuration list for PBXProject "CiCdTesting" */ = {
			isa = XCConfigurationList;
			buildConfigurations = (
				D5A5238A2EE1BEF0005B0248 /* Debug */,
				D5A5238B2EE1BEF0005B0248 /* Release */,
			);
			defaultConfigurationIsVisible = 0;
			defaultConfigurationName = Release;
		};
		D5A5238C2EE1BEF0005B0248 /* Build configuration list for PBXNativeTarget "CiCdTesting" */ = {
			isa = XCConfigurationList;
			buildConfigurations = (
				D5A5238D2EE1BEF0005B0248 /* Debug */,
				D5A5238E2EE1BEF0005B0248 /* Release */,
			);
			defaultConfigurationIsVisible = 0;
			defaultConfigurationName = Release;
		};
		D5A5238F2EE1BEF0005B0248 /* Build configuration list for PBXNativeTarget "CiCdTestingTests" */ = {
			isa = XCConfigurationList;
			buildConfigurations = (
				D5A523902EE1BEF0005B0248 /* Debug */,
				D5A523912EE1BEF0005B0248 /* Release */,
			);
			defaultConfigurationIsVisible = 0;
			defaultConfigurationName = Release;
		};
		D5A523922EE1BEF0005B0248 /* Build configuration list for PBXNativeTarget "CiCdTestingUITests" */ = {
			isa = XCConfigurationList;
			buildConfigurations = (
				D5A523932EE1BEF0005B0248 /* Debug */,
				D5A523942EE1BEF0005B0248 /* Release */,
			);
			defaultConfigurationIsVisible = 0;
			defaultConfigurationName = Release;
		};
/* End XCConfigurationList section */

/* Begin XCRemoteSwiftPackageReference section */
		D5A523AA2EE1C29B005B0248 /* XCRemoteSwiftPackageReference "xcore" */ = {
			isa = XCRemoteSwiftPackageReference;
			repositoryURL = "https://github.com/luismachado/xcore";
			requirement = {
				kind = upToNextMajorVersion;
				minimumVersion = 1.0.4;
			};
		};
		D5A523AB2EE1C2B2005B0248 /* XCRemoteSwiftPackageReference "swift-composable-architecture" */ = {
			isa = XCRemoteSwiftPackageReference;
			repositoryURL = "https://github.com/pointfreeco/swift-composable-architecture";
			requirement = {
				kind = upToNextMajorVersion;
				minimumVersion = 1.23.1;
			};
		};
/* End XCRemoteSwiftPackageReference section */
	};
	rootObject = D5A523602EE1BEEF005B0248 /* Project object */;
}
